
Microsoft Visual Studio Solution File, Format Version 12.00
# Visual Studio Version 16
VisualStudioVersion = 16.0.31205.134
MinimumVisualStudioVersion = 10.0.40219.1
Project("{FAE04EC0-301F-11D3-BF4B-00C04F79EFBC}") = "CoffeeMaker", "CoffeeMaker\CoffeeMaker.csproj", "{D0FB9519-217F-417F-8C70-336D4F38045F}"
EndProject
Project("{FAE04EC0-301F-11D3-BF4B-00C04F79EFBC}") = "CoffeeMakerTest", "CoffeeMakerTest\CoffeeMakerTest.csproj", "{D005DA71-6F93-4108-A116-C30F787866F3}"
EndProject
Global
	GlobalSection(SolutionConfigurationPlatforms) = preSolution
		Debug|Any CPU = Debug|Any CPU
		Release|Any CPU = Release|Any CPU
	EndGlobalSection
	GlobalSection(ProjectConfigurationPlatforms) = postSolution
		{D0FB9519-217F-417F-8C70-336D4F38045F}.Debug|Any CPU.ActiveCfg = Debug|Any CPU
		{D0FB9519-217F-417F-8C70-336D4F38045F}.Debug|Any CPU.Build.0 = Debug|Any CPU
		{D0FB9519-217F-417F-8C70-336D4F38045F}.Release|Any CPU.ActiveCfg = Release|Any CPU
		{D0FB9519-217F-417F-8C70-336D4F38045F}.Release|Any CPU.Build.0 = Release|Any CPU
		{D005DA71-6F93-4108-A116-C30F787866F3}.Debug|Any CPU.ActiveCfg = Debug|Any CPU
		{D005DA71-6F93-4108-A116-C30F787866F3}.Debug|Any CPU.Build.0 = Debug|Any CPU
		{D005DA71-6F93-4108-A116-C30F787866F3}.Release|Any CPU.ActiveCfg = Release|Any CPU
		{D005DA71-6F93-4108-A116-C30F787866F3}.Release|Any CPU.Build.0 = Release|Any CPU
	EndGlobalSection
	GlobalSection(SolutionProperties) = preSolution
		HideSolutionNode = FALSE
	EndGlobalSection
	GlobalSection(ExtensibilityGlobals) = postSolution
		SolutionGuid = {F700678E-19BB-4E52-962E-F39F4D9952F1}
	EndGlobalSection
EndGlobal
